<?xml version="1.0" encoding="utf-8"?>
<Project ToolsVersion="4.0" xmlns="http://schemas.microsoft.com/developer/msbuild/2003">
  <ItemGroup>
    <Filter Include="Source Files">
      <UniqueIdentifier>{4FC737F1-C7A5-4376-A066-2A32D752A2FF}</UniqueIdentifier>
      <Extensions>cpp;c;cc;cxx;def;odl;idl;hpj;bat;asm;asmx</Extensions>
    </Filter>
    <Filter Include="Header Files">
      <UniqueIdentifier>{93995380-89BD-4b04-88EB-625FBE52EBFB}</UniqueIdentifier>
      <Extensions>h;hpp;hxx;hm;inl;inc;xsd</Extensions>
    </Filter>
    <Filter Include="Resource Files">
      <UniqueIdentifier>{67DA6AB6-F800-4c08-8B7A-83BB121AAD01}</UniqueIdentifier>
      <Extensions>rc;ico;cur;bmp;dlg;rc2;rct;bin;rgs;gif;jpg;jpeg;jpe;resx;tiff;tif;png;wav</Extensions>
    </Filter>
  </ItemGroup>
  <ItemGroup>
    <ResourceCompile Include="Ressource\app.rc">
      <Filter>Resource Files</Filter>
    </ResourceCompile>
  </ItemGroup>
  <ItemGroup>
    <ClInclude Include="Ressource\resource.h">
      <Filter>Resource Files</Filter>
    </ClInclude>
    <ClInclude Include="Ressource\version.h">
      <Filter>Resource Files</Filter>
    </ClInclude>
    <ClInclude Include="Include\StringEncoder.h">
      <Filter>Header Files</Filter>
    </ClInclude>
    <ClInclude Include="Include\AntiDebug.h">
      <Filter>Header Files</Filter>
    </ClInclude>
    <ClInclude Include="Include\aes.h">
      <Filter>Header Files</Filter>
    </ClInclude>
    <ClInclude Include="Include\sha256.h">
      <Filter>Header Files</Filter>
    </ClInclude>
    <ClInclude Include="Include\Singleton.h">
      <Filter>Header Files</Filter>
    </ClInclude>
    <ClInclude Include="Include\CheckPassword.h">
      <Filter>Header Files</Filter>
    </ClInclude>
    <ClInclude Include="Include\Indexes.h">
      <Filter>Header Files</Filter>
    </ClInclude>
    <ClInclude Include="Include\Key.h">
      <Filter>Header Files</Filter>
    </ClInclude>
    <ClInclude Include="Include\MetaFSM.h">
      <Filter>Header Files</Filter>
    </ClInclude>
    <ClInclude Include="Include\ObfucatedFunction.h">
      <Filter>Header Files</Filter>
    </ClInclude>
    <ClInclude Include="Include\ObfuscatedCall.h">
      <Filter>Header Files</Filter>
    </ClInclude>
    <ClInclude Include="Include\ObfuscatedString.h">
      <Filter>Header Files</Filter>
    </ClInclude>
    <ClInclude Include="Include\Tools.h">
      <Filter>Header Files</Filter>
    </ClInclude>
    <ClInclude Include="Include\Unroller.h">
      <Filter>Header Files</Filter>
    </ClInclude>
  </ItemGroup>
  <ItemGroup>
    <ClCompile Include="Source\main.cpp">
      <Filter>Source Files</Filter>
    </ClCompile>
    <ClCompile Include="Source\AntiDebug.cpp">
      <Filter>Source Files</Filter>
    </ClCompile>
    <ClCompile Include="Source\sha256.c">
      <Filter>Source Files</Filter>
    </ClCompile>
    <ClCompile Include="Source\aes.c">
      <Filter>Source Files</Filter>
    </ClCompile>
    <ClCompile Include="Source\CheckPassword.cpp">
      <Filter>Source Files</Filter>
    </ClCompile>
    <ClCompile Include="Source\StringEncoder.cpp">
      <Filter>Source Files</Filter>
    </ClCompile>
    <ClCompile Include="Source\Tools.cpp">
      <Filter>Source Files</Filter>
    </ClCompile>
  </ItemGroup>
  <ItemGroup>
    <CustomBuild Include="Source\checkDebugger.asm">
      <Filter>Source Files</Filter>
    </CustomBuild>
  </ItemGroup>
</Project>